
Microsoft Visual Studio Solution File, Format Version 12.00
# Visual Studio 2013
VisualStudioVersion = 12.0.21005.1
MinimumVisualStudioVersion = 10.0.40219.1
Project("{FAE04EC0-301F-11D3-BF4B-00C04F79EFBC}") = "IFekraWeb", "IFekraWeb\IFekraWeb.csproj", "{A1A01D73-A9EA-4A93-B660-682C0F548E37}"
EndProject
Project("{FAE04EC0-301F-11D3-BF4B-00C04F79EFBC}") = "CodeRenderer", "CodeRenderer\CodeRenderer.csproj", "{E641A323-1D32-473C-91D7-35BE4A5941F9}"
EndProject
Project("{FAE04EC0-301F-11D3-BF4B-00C04F79EFBC}") = "TestCodeRenderer", "TestCodeRenderer\TestCodeRenderer.csproj", "{B688FFFD-5E8D-4DDA-9DA3-28EB501B1649}"
EndProject
Project("{FAE04EC0-301F-11D3-BF4B-00C04F79EFBC}") = "MarkupLibrary", "MarkupLibrary\MarkupLibrary.csproj", "{ECFA4C6F-915B-4B40-82AE-8F32755355F7}"
EndProject
Project("{2150E333-8FDC-42A3-9474-1A3956D46DE8}") = "Library", "Library", "{09953135-92E6-413C-BE22-F32EFBAC8F50}"
EndProject
Project("{2150E333-8FDC-42A3-9474-1A3956D46DE8}") = "Preparation", "Preparation", "{AE79F635-84B9-4343-A6F9-96355E503C41}"
EndProject
Project("{2150E333-8FDC-42A3-9474-1A3956D46DE8}") = "Web", "Web", "{FBCFEF84-C400-446D-A58C-C21C16462234}"
EndProject
Project("{2150E333-8FDC-42A3-9474-1A3956D46DE8}") = "Desktop", "Desktop", "{BAEA91A2-AF8A-4F5A-AAC2-D11BCB441132}"
EndProject
Project("{2150E333-8FDC-42A3-9474-1A3956D46DE8}") = "Mobile", "Mobile", "{26D3905D-6AA3-4964-BF05-235499C911DD}"
EndProject
Project("{2150E333-8FDC-42A3-9474-1A3956D46DE8}") = "Testing", "Testing", "{7EFC9574-3D2A-4672-B7AB-E80EE4FB145C}"
EndProject
Project("{2150E333-8FDC-42A3-9474-1A3956D46DE8}") = "Applications", "Applications", "{33395FFE-3F9C-46BD-B590-11B8387355E1}"
EndProject
Project("{FAE04EC0-301F-11D3-BF4B-00C04F79EFBC}") = "Parser", "Parser\Parser.csproj", "{767C4C37-39CB-44CA-B65E-8ECB3D5EC2E0}"
EndProject
Project("{FAE04EC0-301F-11D3-BF4B-00C04F79EFBC}") = "Analyzer", "Analyzer\Analyzer.csproj", "{C2B59FFC-7966-4A28-B0A7-D3BE9AFDAB31}"
EndProject
Project("{FAE04EC0-301F-11D3-BF4B-00C04F79EFBC}") = "Optimizer", "Optimizer\Optimizer.csproj", "{52F0D298-1DD5-4D44-879E-96C15FFED82C}"
EndProject
Project("{FAE04EC0-301F-11D3-BF4B-00C04F79EFBC}") = "Generator", "Generator\Generator.csproj", "{32B1B2F6-5F94-4595-92AD-676FC56160E3}"
EndProject
Project("{FAE04EC0-301F-11D3-BF4B-00C04F79EFBC}") = "SMPP", "SMPP\SMPP.csproj", "{7C0943A3-3B72-47B5-9B9D-CC097A92339F}"
EndProject
Project("{2150E333-8FDC-42A3-9474-1A3956D46DE8}") = "Messaging", "Messaging", "{7539BEC4-45E3-4E90-B726-0F7AD6724480}"
EndProject
Project("{2150E333-8FDC-42A3-9474-1A3956D46DE8}") = "Mobile", "Mobile", "{8A61BE49-1E39-4BC6-A886-572941FC88B4}"
EndProject
Project("{2150E333-8FDC-42A3-9474-1A3956D46DE8}") = "Payment", "Payment", "{303C778B-B893-45C7-8B33-6E1EE8DE8DCB}"
EndProject
Global
	GlobalSection(SolutionConfigurationPlatforms) = preSolution
		Debug|Any CPU = Debug|Any CPU
		Release|Any CPU = Release|Any CPU
	EndGlobalSection
	GlobalSection(ProjectConfigurationPlatforms) = postSolution
		{A1A01D73-A9EA-4A93-B660-682C0F548E37}.Debug|Any CPU.ActiveCfg = Debug|Any CPU
		{A1A01D73-A9EA-4A93-B660-682C0F548E37}.Debug|Any CPU.Build.0 = Debug|Any CPU
		{A1A01D73-A9EA-4A93-B660-682C0F548E37}.Release|Any CPU.ActiveCfg = Release|Any CPU
		{A1A01D73-A9EA-4A93-B660-682C0F548E37}.Release|Any CPU.Build.0 = Release|Any CPU
		{E641A323-1D32-473C-91D7-35BE4A5941F9}.Debug|Any CPU.ActiveCfg = Debug|Any CPU
		{E641A323-1D32-473C-91D7-35BE4A5941F9}.Debug|Any CPU.Build.0 = Debug|Any CPU
		{E641A323-1D32-473C-91D7-35BE4A5941F9}.Release|Any CPU.ActiveCfg = Release|Any CPU
		{E641A323-1D32-473C-91D7-35BE4A5941F9}.Release|Any CPU.Build.0 = Release|Any CPU
		{B688FFFD-5E8D-4DDA-9DA3-28EB501B1649}.Debug|Any CPU.ActiveCfg = Debug|Any CPU
		{B688FFFD-5E8D-4DDA-9DA3-28EB501B1649}.Debug|Any CPU.Build.0 = Debug|Any CPU
		{B688FFFD-5E8D-4DDA-9DA3-28EB501B1649}.Release|Any CPU.ActiveCfg = Release|Any CPU
		{B688FFFD-5E8D-4DDA-9DA3-28EB501B1649}.Release|Any CPU.Build.0 = Release|Any CPU
		{ECFA4C6F-915B-4B40-82AE-8F32755355F7}.Debug|Any CPU.ActiveCfg = Debug|Any CPU
		{ECFA4C6F-915B-4B40-82AE-8F32755355F7}.Debug|Any CPU.Build.0 = Debug|Any CPU
		{ECFA4C6F-915B-4B40-82AE-8F32755355F7}.Release|Any CPU.ActiveCfg = Release|Any CPU
		{ECFA4C6F-915B-4B40-82AE-8F32755355F7}.Release|Any CPU.Build.0 = Release|Any CPU
		{767C4C37-39CB-44CA-B65E-8ECB3D5EC2E0}.Debug|Any CPU.ActiveCfg = Debug|Any CPU
		{767C4C37-39CB-44CA-B65E-8ECB3D5EC2E0}.Debug|Any CPU.Build.0 = Debug|Any CPU
		{767C4C37-39CB-44CA-B65E-8ECB3D5EC2E0}.Release|Any CPU.ActiveCfg = Release|Any CPU
		{767C4C37-39CB-44CA-B65E-8ECB3D5EC2E0}.Release|Any CPU.Build.0 = Release|Any CPU
		{C2B59FFC-7966-4A28-B0A7-D3BE9AFDAB31}.Debug|Any CPU.ActiveCfg = Debug|Any CPU
		{C2B59FFC-7966-4A28-B0A7-D3BE9AFDAB31}.Debug|Any CPU.Build.0 = Debug|Any CPU
		{C2B59FFC-7966-4A28-B0A7-D3BE9AFDAB31}.Release|Any CPU.ActiveCfg = Release|Any CPU
		{C2B59FFC-7966-4A28-B0A7-D3BE9AFDAB31}.Release|Any CPU.Build.0 = Release|Any CPU
		{52F0D298-1DD5-4D44-879E-96C15FFED82C}.Debug|Any CPU.ActiveCfg = Debug|Any CPU
		{52F0D298-1DD5-4D44-879E-96C15FFED82C}.Debug|Any CPU.Build.0 = Debug|Any CPU
		{52F0D298-1DD5-4D44-879E-96C15FFED82C}.Release|Any CPU.ActiveCfg = Release|Any CPU
		{52F0D298-1DD5-4D44-879E-96C15FFED82C}.Release|Any CPU.Build.0 = Release|Any CPU
		{32B1B2F6-5F94-4595-92AD-676FC56160E3}.Debug|Any CPU.ActiveCfg = Debug|Any CPU
		{32B1B2F6-5F94-4595-92AD-676FC56160E3}.Debug|Any CPU.Build.0 = Debug|Any CPU
		{32B1B2F6-5F94-4595-92AD-676FC56160E3}.Release|Any CPU.ActiveCfg = Release|Any CPU
		{32B1B2F6-5F94-4595-92AD-676FC56160E3}.Release|Any CPU.Build.0 = Release|Any CPU
		{7C0943A3-3B72-47B5-9B9D-CC097A92339F}.Debug|Any CPU.ActiveCfg = Debug|Any CPU
		{7C0943A3-3B72-47B5-9B9D-CC097A92339F}.Debug|Any CPU.Build.0 = Debug|Any CPU
		{7C0943A3-3B72-47B5-9B9D-CC097A92339F}.Release|Any CPU.ActiveCfg = Release|Any CPU
		{7C0943A3-3B72-47B5-9B9D-CC097A92339F}.Release|Any CPU.Build.0 = Release|Any CPU
	EndGlobalSection
	GlobalSection(SolutionProperties) = preSolution
		HideSolutionNode = FALSE
	EndGlobalSection
	GlobalSection(NestedProjects) = preSolution
		{7539BEC4-45E3-4E90-B726-0F7AD6724480} = {09953135-92E6-413C-BE22-F32EFBAC8F50}
		{8A61BE49-1E39-4BC6-A886-572941FC88B4} = {09953135-92E6-413C-BE22-F32EFBAC8F50}
		{303C778B-B893-45C7-8B33-6E1EE8DE8DCB} = {09953135-92E6-413C-BE22-F32EFBAC8F50}
		{E641A323-1D32-473C-91D7-35BE4A5941F9} = {AE79F635-84B9-4343-A6F9-96355E503C41}
		{ECFA4C6F-915B-4B40-82AE-8F32755355F7} = {AE79F635-84B9-4343-A6F9-96355E503C41}
		{33395FFE-3F9C-46BD-B590-11B8387355E1} = {7EFC9574-3D2A-4672-B7AB-E80EE4FB145C}
		{B688FFFD-5E8D-4DDA-9DA3-28EB501B1649} = {33395FFE-3F9C-46BD-B590-11B8387355E1}
		{7C0943A3-3B72-47B5-9B9D-CC097A92339F} = {7539BEC4-45E3-4E90-B726-0F7AD6724480}
		{C2B59FFC-7966-4A28-B0A7-D3BE9AFDAB31} = {8A61BE49-1E39-4BC6-A886-572941FC88B4}
		{32B1B2F6-5F94-4595-92AD-676FC56160E3} = {8A61BE49-1E39-4BC6-A886-572941FC88B4}
		{52F0D298-1DD5-4D44-879E-96C15FFED82C} = {8A61BE49-1E39-4BC6-A886-572941FC88B4}
		{767C4C37-39CB-44CA-B65E-8ECB3D5EC2E0} = {8A61BE49-1E39-4BC6-A886-572941FC88B4}
	EndGlobalSection
EndGlobal
