
Microsoft Visual Studio Solution File, Format Version 12.00
# Visual Studio 2013
VisualStudioVersion = 12.0.21005.1
MinimumVisualStudioVersion = 10.0.40219.1
Project("{FAE04EC0-301F-11D3-BF4B-00C04F79EFBC}") = "IFekraWeb", "IFekraWeb\IFekraWeb.csproj", "{A1A01D73-A9EA-4A93-B660-682C0F548E37}"
EndProject
Project("{FAE04EC0-301F-11D3-BF4B-00C04F79EFBC}") = "CodeRenderer", "CodeRenderer\CodeRenderer.csproj", "{E641A323-1D32-473C-91D7-35BE4A5941F9}"
EndProject
Project("{FAE04EC0-301F-11D3-BF4B-00C04F79EFBC}") = "TestCodeRenderer", "TestCodeRenderer\TestCodeRenderer.csproj", "{B688FFFD-5E8D-4DDA-9DA3-28EB501B1649}"
EndProject
Project("{FAE04EC0-301F-11D3-BF4B-00C04F79EFBC}") = "MarkupLibrary", "MarkupLibrary\MarkupLibrary.csproj", "{ECFA4C6F-915B-4B40-82AE-8F32755355F7}"
EndProject
Global
	GlobalSection(SolutionConfigurationPlatforms) = preSolution
		Debug|Any CPU = Debug|Any CPU
		Release|Any CPU = Release|Any CPU
	EndGlobalSection
	GlobalSection(ProjectConfigurationPlatforms) = postSolution
		{A1A01D73-A9EA-4A93-B660-682C0F548E37}.Debug|Any CPU.ActiveCfg = Debug|Any CPU
		{A1A01D73-A9EA-4A93-B660-682C0F548E37}.Debug|Any CPU.Build.0 = Debug|Any CPU
		{A1A01D73-A9EA-4A93-B660-682C0F548E37}.Release|Any CPU.ActiveCfg = Release|Any CPU
		{A1A01D73-A9EA-4A93-B660-682C0F548E37}.Release|Any CPU.Build.0 = Release|Any CPU
		{E641A323-1D32-473C-91D7-35BE4A5941F9}.Debug|Any CPU.ActiveCfg = Debug|Any CPU
		{E641A323-1D32-473C-91D7-35BE4A5941F9}.Debug|Any CPU.Build.0 = Debug|Any CPU
		{E641A323-1D32-473C-91D7-35BE4A5941F9}.Release|Any CPU.ActiveCfg = Release|Any CPU
		{E641A323-1D32-473C-91D7-35BE4A5941F9}.Release|Any CPU.Build.0 = Release|Any CPU
		{B688FFFD-5E8D-4DDA-9DA3-28EB501B1649}.Debug|Any CPU.ActiveCfg = Debug|Any CPU
		{B688FFFD-5E8D-4DDA-9DA3-28EB501B1649}.Debug|Any CPU.Build.0 = Debug|Any CPU
		{B688FFFD-5E8D-4DDA-9DA3-28EB501B1649}.Release|Any CPU.ActiveCfg = Release|Any CPU
		{B688FFFD-5E8D-4DDA-9DA3-28EB501B1649}.Release|Any CPU.Build.0 = Release|Any CPU
		{ECFA4C6F-915B-4B40-82AE-8F32755355F7}.Debug|Any CPU.ActiveCfg = Debug|Any CPU
		{ECFA4C6F-915B-4B40-82AE-8F32755355F7}.Debug|Any CPU.Build.0 = Debug|Any CPU
		{ECFA4C6F-915B-4B40-82AE-8F32755355F7}.Release|Any CPU.ActiveCfg = Release|Any CPU
		{ECFA4C6F-915B-4B40-82AE-8F32755355F7}.Release|Any CPU.Build.0 = Release|Any CPU
	EndGlobalSection
	GlobalSection(SolutionProperties) = preSolution
		HideSolutionNode = FALSE
	EndGlobalSection
EndGlobal
